// !$*UTF8*$!
{
	archiveVersion = 1;
	classes = {
	};
	objectVersion = 55;
	objects = {

/* Begin PBXBuildFile section */
		4E143FC328C9361E00B94EBF /* AppDelegate.swift in Sources */ = {isa = PBXBuildFile; fileRef = 4E143FC228C9361E00B94EBF /* AppDelegate.swift */; };
		4E143FC528C9361E00B94EBF /* SceneDelegate.swift in Sources */ = {isa = PBXBuildFile; fileRef = 4E143FC428C9361E00B94EBF /* SceneDelegate.swift */; };
		4E143FC728C9361E00B94EBF /* ViewController.swift in Sources */ = {isa = PBXBuildFile; fileRef = 4E143FC628C9361E00B94EBF /* ViewController.swift */; };
		4E143FCA28C9361E00B94EBF /* Main.storyboard in Resources */ = {isa = PBXBuildFile; fileRef = 4E143FC828C9361E00B94EBF /* Main.storyboard */; };
		4E143FCD28C9361E00B94EBF /* Planet.xcdatamodeld in Sources */ = {isa = PBXBuildFile; fileRef = 4E143FCB28C9361E00B94EBF /* Planet.xcdatamodeld */; };
		4E143FCF28C9362000B94EBF /* Assets.xcassets in Resources */ = {isa = PBXBuildFile; fileRef = 4E143FCE28C9362000B94EBF /* Assets.xcassets */; };
		4E143FD228C9362000B94EBF /* LaunchScreen.storyboard in Resources */ = {isa = PBXBuildFile; fileRef = 4E143FD028C9362000B94EBF /* LaunchScreen.storyboard */; };
		4E143FDD28C9362100B94EBF /* PlanetTests.swift in Sources */ = {isa = PBXBuildFile; fileRef = 4E143FDC28C9362100B94EBF /* PlanetTests.swift */; };
		4E143FE728C9362100B94EBF /* PlanetUITests.swift in Sources */ = {isa = PBXBuildFile; fileRef = 4E143FE628C9362100B94EBF /* PlanetUITests.swift */; };
		4E143FE928C9362100B94EBF /* PlanetUITestsLaunchTests.swift in Sources */ = {isa = PBXBuildFile; fileRef = 4E143FE828C9362100B94EBF /* PlanetUITestsLaunchTests.swift */; };
		4E9CAB3F28DBA9EC0033DDE1 /* PopulationFunctions.swift in Sources */ = {isa = PBXBuildFile; fileRef = 4E9CAB3E28DBA9EC0033DDE1 /* PopulationFunctions.swift */; };
		4EAE2B1228CBB14200ED5770 /* TabsTBC.swift in Sources */ = {isa = PBXBuildFile; fileRef = 4EAE2B1128CBB14200ED5770 /* TabsTBC.swift */; };
		4EAE2B1428CBB16200ED5770 /* BookmarksTBC.swift in Sources */ = {isa = PBXBuildFile; fileRef = 4EAE2B1328CBB16200ED5770 /* BookmarksTBC.swift */; };
		4EAE2B1728CBB45F00ED5770 /* TabCell.swift in Sources */ = {isa = PBXBuildFile; fileRef = 4EAE2B1628CBB45F00ED5770 /* TabCell.swift */; };
		4EAE2B1928CBB47C00ED5770 /* BookmarkCell.swift in Sources */ = {isa = PBXBuildFile; fileRef = 4EAE2B1828CBB47C00ED5770 /* BookmarkCell.swift */; };
		4EFE6CAE28DA2F0A00D5F0B0 /* Tab.swift in Sources */ = {isa = PBXBuildFile; fileRef = 4EFE6CAD28DA2F0A00D5F0B0 /* Tab.swift */; };
		4EFE6CB028DA307F00D5F0B0 /* Bookmark.swift in Sources */ = {isa = PBXBuildFile; fileRef = 4EFE6CAF28DA307F00D5F0B0 /* Bookmark.swift */; };
		B6559CD0F39DD03A0EA2125C /* Pods_PlanetTests.framework in Frameworks */ = {isa = PBXBuildFile; fileRef = A95150BF721CDF89B673A8C8 /* Pods_PlanetTests.framework */; };
		DA7743E036B6225BE8ACDDF0 /* Pods_Planet_PlanetUITests.framework in Frameworks */ = {isa = PBXBuildFile; fileRef = AA1E38B8014054D2B4353ED8 /* Pods_Planet_PlanetUITests.framework */; };
		F85433A75E05195CD3FE00F3 /* Pods_Planet.framework in Frameworks */ = {isa = PBXBuildFile; fileRef = AF147554FD3A5BF85F7EBDB1 /* Pods_Planet.framework */; };
/* End PBXBuildFile section */

/* Begin PBXContainerItemProxy section */
		4E143FD928C9362000B94EBF /* PBXContainerItemProxy */ = {
			isa = PBXContainerItemProxy;
			containerPortal = 4E143FB728C9361E00B94EBF /* Project object */;
			proxyType = 1;
			remoteGlobalIDString = 4E143FBE28C9361E00B94EBF;
			remoteInfo = Planet;
		};
		4E143FE328C9362100B94EBF /* PBXContainerItemProxy */ = {
			isa = PBXContainerItemProxy;
			containerPortal = 4E143FB728C9361E00B94EBF /* Project object */;
			proxyType = 1;
			remoteGlobalIDString = 4E143FBE28C9361E00B94EBF;
			remoteInfo = Planet;
		};
/* End PBXContainerItemProxy section */

/* Begin PBXFileReference section */
		1470EE18E68D540AF0F71712 /* Pods-PlanetTests.debug.xcconfig */ = {isa = PBXFileReference; includeInIndex = 1; lastKnownFileType = text.xcconfig; name = "Pods-PlanetTests.debug.xcconfig"; path = "Target Support Files/Pods-PlanetTests/Pods-PlanetTests.debug.xcconfig"; sourceTree = "<group>"; };
		4E143FBF28C9361E00B94EBF /* Planet.app */ = {isa = PBXFileReference; explicitFileType = wrapper.application; includeInIndex = 0; path = Planet.app; sourceTree = BUILT_PRODUCTS_DIR; };
		4E143FC228C9361E00B94EBF /* AppDelegate.swift */ = {isa = PBXFileReference; lastKnownFileType = sourcecode.swift; path = AppDelegate.swift; sourceTree = "<group>"; };
		4E143FC428C9361E00B94EBF /* SceneDelegate.swift */ = {isa = PBXFileReference; lastKnownFileType = sourcecode.swift; path = SceneDelegate.swift; sourceTree = "<group>"; };
		4E143FC628C9361E00B94EBF /* ViewController.swift */ = {isa = PBXFileReference; lastKnownFileType = sourcecode.swift; path = ViewController.swift; sourceTree = "<group>"; };
		4E143FC928C9361E00B94EBF /* Base */ = {isa = PBXFileReference; lastKnownFileType = file.storyboard; name = Base; path = Base.lproj/Main.storyboard; sourceTree = "<group>"; };
		4E143FCC28C9361E00B94EBF /* Planet.xcdatamodel */ = {isa = PBXFileReference; lastKnownFileType = wrapper.xcdatamodel; path = Planet.xcdatamodel; sourceTree = "<group>"; };
		4E143FCE28C9362000B94EBF /* Assets.xcassets */ = {isa = PBXFileReference; lastKnownFileType = folder.assetcatalog; path = Assets.xcassets; sourceTree = "<group>"; };
		4E143FD128C9362000B94EBF /* Base */ = {isa = PBXFileReference; lastKnownFileType = file.storyboard; name = Base; path = Base.lproj/LaunchScreen.storyboard; sourceTree = "<group>"; };
		4E143FD328C9362000B94EBF /* Info.plist */ = {isa = PBXFileReference; lastKnownFileType = text.plist.xml; path = Info.plist; sourceTree = "<group>"; };
		4E143FD828C9362000B94EBF /* PlanetTests.xctest */ = {isa = PBXFileReference; explicitFileType = wrapper.cfbundle; includeInIndex = 0; path = PlanetTests.xctest; sourceTree = BUILT_PRODUCTS_DIR; };
		4E143FDC28C9362100B94EBF /* PlanetTests.swift */ = {isa = PBXFileReference; lastKnownFileType = sourcecode.swift; path = PlanetTests.swift; sourceTree = "<group>"; };
		4E143FE228C9362100B94EBF /* PlanetUITests.xctest */ = {isa = PBXFileReference; explicitFileType = wrapper.cfbundle; includeInIndex = 0; path = PlanetUITests.xctest; sourceTree = BUILT_PRODUCTS_DIR; };
		4E143FE628C9362100B94EBF /* PlanetUITests.swift */ = {isa = PBXFileReference; lastKnownFileType = sourcecode.swift; path = PlanetUITests.swift; sourceTree = "<group>"; };
		4E143FE828C9362100B94EBF /* PlanetUITestsLaunchTests.swift */ = {isa = PBXFileReference; lastKnownFileType = sourcecode.swift; path = PlanetUITestsLaunchTests.swift; sourceTree = "<group>"; };
		4E9CAB3E28DBA9EC0033DDE1 /* PopulationFunctions.swift */ = {isa = PBXFileReference; lastKnownFileType = sourcecode.swift; path = PopulationFunctions.swift; sourceTree = "<group>"; };
		4EAE2B1128CBB14200ED5770 /* TabsTBC.swift */ = {isa = PBXFileReference; lastKnownFileType = sourcecode.swift; path = TabsTBC.swift; sourceTree = "<group>"; };
		4EAE2B1328CBB16200ED5770 /* BookmarksTBC.swift */ = {isa = PBXFileReference; lastKnownFileType = sourcecode.swift; path = BookmarksTBC.swift; sourceTree = "<group>"; };
		4EAE2B1628CBB45F00ED5770 /* TabCell.swift */ = {isa = PBXFileReference; lastKnownFileType = sourcecode.swift; path = TabCell.swift; sourceTree = "<group>"; };
		4EAE2B1828CBB47C00ED5770 /* BookmarkCell.swift */ = {isa = PBXFileReference; lastKnownFileType = sourcecode.swift; path = BookmarkCell.swift; sourceTree = "<group>"; };
		4EFE6CAD28DA2F0A00D5F0B0 /* Tab.swift */ = {isa = PBXFileReference; lastKnownFileType = sourcecode.swift; path = Tab.swift; sourceTree = "<group>"; };
		4EFE6CAF28DA307F00D5F0B0 /* Bookmark.swift */ = {isa = PBXFileReference; lastKnownFileType = sourcecode.swift; path = Bookmark.swift; sourceTree = "<group>"; };
		591C09E5BB625BFBB98CF242 /* Pods-Planet.release.xcconfig */ = {isa = PBXFileReference; includeInIndex = 1; lastKnownFileType = text.xcconfig; name = "Pods-Planet.release.xcconfig"; path = "Target Support Files/Pods-Planet/Pods-Planet.release.xcconfig"; sourceTree = "<group>"; };
		A95150BF721CDF89B673A8C8 /* Pods_PlanetTests.framework */ = {isa = PBXFileReference; explicitFileType = wrapper.framework; includeInIndex = 0; path = Pods_PlanetTests.framework; sourceTree = BUILT_PRODUCTS_DIR; };
		AA1E38B8014054D2B4353ED8 /* Pods_Planet_PlanetUITests.framework */ = {isa = PBXFileReference; explicitFileType = wrapper.framework; includeInIndex = 0; path = Pods_Planet_PlanetUITests.framework; sourceTree = BUILT_PRODUCTS_DIR; };
		AF147554FD3A5BF85F7EBDB1 /* Pods_Planet.framework */ = {isa = PBXFileReference; explicitFileType = wrapper.framework; includeInIndex = 0; path = Pods_Planet.framework; sourceTree = BUILT_PRODUCTS_DIR; };
		D273DD647818F2BA28C18247 /* Pods-Planet.debug.xcconfig */ = {isa = PBXFileReference; includeInIndex = 1; lastKnownFileType = text.xcconfig; name = "Pods-Planet.debug.xcconfig"; path = "Target Support Files/Pods-Planet/Pods-Planet.debug.xcconfig"; sourceTree = "<group>"; };
		DE8A9D37F37669A0E638BA50 /* Pods-PlanetTests.release.xcconfig */ = {isa = PBXFileReference; includeInIndex = 1; lastKnownFileType = text.xcconfig; name = "Pods-PlanetTests.release.xcconfig"; path = "Target Support Files/Pods-PlanetTests/Pods-PlanetTests.release.xcconfig"; sourceTree = "<group>"; };
		EB699A32237BA43EFF2C7742 /* Pods-Planet-PlanetUITests.debug.xcconfig */ = {isa = PBXFileReference; includeInIndex = 1; lastKnownFileType = text.xcconfig; name = "Pods-Planet-PlanetUITests.debug.xcconfig"; path = "Target Support Files/Pods-Planet-PlanetUITests/Pods-Planet-PlanetUITests.debug.xcconfig"; sourceTree = "<group>"; };
		EFA396BCCA3E65E89EFB4856 /* Pods-Planet-PlanetUITests.release.xcconfig */ = {isa = PBXFileReference; includeInIndex = 1; lastKnownFileType = text.xcconfig; name = "Pods-Planet-PlanetUITests.release.xcconfig"; path = "Target Support Files/Pods-Planet-PlanetUITests/Pods-Planet-PlanetUITests.release.xcconfig"; sourceTree = "<group>"; };
/* End PBXFileReference section */

/* Begin PBXFrameworksBuildPhase section */
		4E143FBC28C9361E00B94EBF /* Frameworks */ = {
			isa = PBXFrameworksBuildPhase;
			buildActionMask = 2147483647;
			files = (
				F85433A75E05195CD3FE00F3 /* Pods_Planet.framework in Frameworks */,
			);
			runOnlyForDeploymentPostprocessing = 0;
		};
		4E143FD528C9362000B94EBF /* Frameworks */ = {
			isa = PBXFrameworksBuildPhase;
			buildActionMask = 2147483647;
			files = (
				B6559CD0F39DD03A0EA2125C /* Pods_PlanetTests.framework in Frameworks */,
			);
			runOnlyForDeploymentPostprocessing = 0;
		};
		4E143FDF28C9362100B94EBF /* Frameworks */ = {
			isa = PBXFrameworksBuildPhase;
			buildActionMask = 2147483647;
			files = (
				DA7743E036B6225BE8ACDDF0 /* Pods_Planet_PlanetUITests.framework in Frameworks */,
			);
			runOnlyForDeploymentPostprocessing = 0;
		};
/* End PBXFrameworksBuildPhase section */

/* Begin PBXGroup section */
		39447BAC3274920F459B2691 /* Pods */ = {
			isa = PBXGroup;
			children = (
				D273DD647818F2BA28C18247 /* Pods-Planet.debug.xcconfig */,
				591C09E5BB625BFBB98CF242 /* Pods-Planet.release.xcconfig */,
				EB699A32237BA43EFF2C7742 /* Pods-Planet-PlanetUITests.debug.xcconfig */,
				EFA396BCCA3E65E89EFB4856 /* Pods-Planet-PlanetUITests.release.xcconfig */,
				1470EE18E68D540AF0F71712 /* Pods-PlanetTests.debug.xcconfig */,
				DE8A9D37F37669A0E638BA50 /* Pods-PlanetTests.release.xcconfig */,
			);
			path = Pods;
			sourceTree = "<group>";
		};
		4E143FB628C9361E00B94EBF = {
			isa = PBXGroup;
			children = (
				4E143FC128C9361E00B94EBF /* Planet */,
				4E143FDB28C9362000B94EBF /* PlanetTests */,
				4E143FE528C9362100B94EBF /* PlanetUITests */,
				4E143FC028C9361E00B94EBF /* Products */,
				39447BAC3274920F459B2691 /* Pods */,
				E1AEC07595ACE0664445AC54 /* Frameworks */,
			);
			sourceTree = "<group>";
		};
		4E143FC028C9361E00B94EBF /* Products */ = {
			isa = PBXGroup;
			children = (
				4E143FBF28C9361E00B94EBF /* Planet.app */,
				4E143FD828C9362000B94EBF /* PlanetTests.xctest */,
				4E143FE228C9362100B94EBF /* PlanetUITests.xctest */,
			);
			name = Products;
			sourceTree = "<group>";
		};
		4E143FC128C9361E00B94EBF /* Planet */ = {
			isa = PBXGroup;
			children = (
				4E143FC228C9361E00B94EBF /* AppDelegate.swift */,
				4E143FC428C9361E00B94EBF /* SceneDelegate.swift */,
				4EAE2B1528CBB17400ED5770 /* Views */,
				4E143FC828C9361E00B94EBF /* Main.storyboard */,
				4E9CAB3E28DBA9EC0033DDE1 /* PopulationFunctions.swift */,
				4EFE6CB128DA308800D5F0B0 /* Model */,
				4EAE2B1A28CBB48200ED5770 /* Cells */,
				4E143FCE28C9362000B94EBF /* Assets.xcassets */,
				4E143FD028C9362000B94EBF /* LaunchScreen.storyboard */,
				4E143FD328C9362000B94EBF /* Info.plist */,
				4E143FCB28C9361E00B94EBF /* Planet.xcdatamodeld */,
			);
			path = Planet;
			sourceTree = "<group>";
		};
		4E143FDB28C9362000B94EBF /* PlanetTests */ = {
			isa = PBXGroup;
			children = (
				4E143FDC28C9362100B94EBF /* PlanetTests.swift */,
			);
			path = PlanetTests;
			sourceTree = "<group>";
		};
		4E143FE528C9362100B94EBF /* PlanetUITests */ = {
			isa = PBXGroup;
			children = (
				4E143FE628C9362100B94EBF /* PlanetUITests.swift */,
				4E143FE828C9362100B94EBF /* PlanetUITestsLaunchTests.swift */,
			);
			path = PlanetUITests;
			sourceTree = "<group>";
		};
		4EAE2B1528CBB17400ED5770 /* Views */ = {
			isa = PBXGroup;
			children = (
				4E143FC628C9361E00B94EBF /* ViewController.swift */,
				4EAE2B1128CBB14200ED5770 /* TabsTBC.swift */,
				4EAE2B1328CBB16200ED5770 /* BookmarksTBC.swift */,
			);
			path = Views;
			sourceTree = "<group>";
		};
		4EAE2B1A28CBB48200ED5770 /* Cells */ = {
			isa = PBXGroup;
			children = (
				4EAE2B1628CBB45F00ED5770 /* TabCell.swift */,
				4EAE2B1828CBB47C00ED5770 /* BookmarkCell.swift */,
			);
			path = Cells;
			sourceTree = "<group>";
		};
		4EFE6CB128DA308800D5F0B0 /* Model */ = {
			isa = PBXGroup;
			children = (
				4EFE6CAD28DA2F0A00D5F0B0 /* Tab.swift */,
				4EFE6CAF28DA307F00D5F0B0 /* Bookmark.swift */,
			);
			path = Model;
			sourceTree = "<group>";
		};
		E1AEC07595ACE0664445AC54 /* Frameworks */ = {
			isa = PBXGroup;
			children = (
				AF147554FD3A5BF85F7EBDB1 /* Pods_Planet.framework */,
				AA1E38B8014054D2B4353ED8 /* Pods_Planet_PlanetUITests.framework */,
				A95150BF721CDF89B673A8C8 /* Pods_PlanetTests.framework */,
			);
			name = Frameworks;
			sourceTree = "<group>";
		};
/* End PBXGroup section */

/* Begin PBXNativeTarget section */
		4E143FBE28C9361E00B94EBF /* Planet */ = {
			isa = PBXNativeTarget;
			buildConfigurationList = 4E143FEC28C9362100B94EBF /* Build configuration list for PBXNativeTarget "Planet" */;
			buildPhases = (
				A5FE3F3DD95B0ACEFA125D2B /* [CP] Check Pods Manifest.lock */,
				4E143FBB28C9361E00B94EBF /* Sources */,
				4E143FBC28C9361E00B94EBF /* Frameworks */,
				4E143FBD28C9361E00B94EBF /* Resources */,
				20FE058A0BEE269B49C9AAA3 /* [CP] Embed Pods Frameworks */,
			);
			buildRules = (
			);
			dependencies = (
			);
			name = Planet;
			productName = Planet;
			productReference = 4E143FBF28C9361E00B94EBF /* Planet.app */;
			productType = "com.apple.product-type.application";
		};
		4E143FD728C9362000B94EBF /* PlanetTests */ = {
			isa = PBXNativeTarget;
			buildConfigurationList = 4E143FEF28C9362100B94EBF /* Build configuration list for PBXNativeTarget "PlanetTests" */;
			buildPhases = (
				4511EB0B1D4329945D704E07 /* [CP] Check Pods Manifest.lock */,
				4E143FD428C9362000B94EBF /* Sources */,
				4E143FD528C9362000B94EBF /* Frameworks */,
				4E143FD628C9362000B94EBF /* Resources */,
			);
			buildRules = (
			);
			dependencies = (
				4E143FDA28C9362000B94EBF /* PBXTargetDependency */,
			);
			name = PlanetTests;
			productName = PlanetTests;
			productReference = 4E143FD828C9362000B94EBF /* PlanetTests.xctest */;
			productType = "com.apple.product-type.bundle.unit-test";
		};
		4E143FE128C9362100B94EBF /* PlanetUITests */ = {
			isa = PBXNativeTarget;
			buildConfigurationList = 4E143FF228C9362100B94EBF /* Build configuration list for PBXNativeTarget "PlanetUITests" */;
			buildPhases = (
				B6FAFB6444D61EC3DDAC34AB /* [CP] Check Pods Manifest.lock */,
				4E143FDE28C9362100B94EBF /* Sources */,
				4E143FDF28C9362100B94EBF /* Frameworks */,
				4E143FE028C9362100B94EBF /* Resources */,
				E8788036A4BA1C3519FDA27E /* [CP] Embed Pods Frameworks */,
			);
			buildRules = (
			);
			dependencies = (
				4E143FE428C9362100B94EBF /* PBXTargetDependency */,
			);
			name = PlanetUITests;
			productName = PlanetUITests;
			productReference = 4E143FE228C9362100B94EBF /* PlanetUITests.xctest */;
			productType = "com.apple.product-type.bundle.ui-testing";
		};
/* End PBXNativeTarget section */

/* Begin PBXProject section */
		4E143FB728C9361E00B94EBF /* Project object */ = {
			isa = PBXProject;
			attributes = {
				BuildIndependentTargetsInParallel = 1;
				LastSwiftUpdateCheck = 1340;
				LastUpgradeCheck = 1340;
				TargetAttributes = {
					4E143FBE28C9361E00B94EBF = {
						CreatedOnToolsVersion = 13.4.1;
					};
					4E143FD728C9362000B94EBF = {
						CreatedOnToolsVersion = 13.4.1;
						TestTargetID = 4E143FBE28C9361E00B94EBF;
					};
					4E143FE128C9362100B94EBF = {
						CreatedOnToolsVersion = 13.4.1;
						TestTargetID = 4E143FBE28C9361E00B94EBF;
					};
				};
			};
			buildConfigurationList = 4E143FBA28C9361E00B94EBF /* Build configuration list for PBXProject "Planet" */;
			compatibilityVersion = "Xcode 13.0";
			developmentRegion = en;
			hasScannedForEncodings = 0;
			knownRegions = (
				en,
				Base,
			);
			mainGroup = 4E143FB628C9361E00B94EBF;
			productRefGroup = 4E143FC028C9361E00B94EBF /* Products */;
			projectDirPath = "";
			projectRoot = "";
			targets = (
				4E143FBE28C9361E00B94EBF /* Planet */,
				4E143FD728C9362000B94EBF /* PlanetTests */,
				4E143FE128C9362100B94EBF /* PlanetUITests */,
			);
		};
/* End PBXProject section */

/* Begin PBXResourcesBuildPhase section */
		4E143FBD28C9361E00B94EBF /* Resources */ = {
			isa = PBXResourcesBuildPhase;
			buildActionMask = 2147483647;
			files = (
				4E143FD228C9362000B94EBF /* LaunchScreen.storyboard in Resources */,
				4E143FCF28C9362000B94EBF /* Assets.xcassets in Resources */,
				4E143FCA28C9361E00B94EBF /* Main.storyboard in Resources */,
			);
			runOnlyForDeploymentPostprocessing = 0;
		};
		4E143FD628C9362000B94EBF /* Resources */ = {
			isa = PBXResourcesBuildPhase;
			buildActionMask = 2147483647;
			files = (
			);
			runOnlyForDeploymentPostprocessing = 0;
		};
		4E143FE028C9362100B94EBF /* Resources */ = {
			isa = PBXResourcesBuildPhase;
			buildActionMask = 2147483647;
			files = (
			);
			runOnlyForDeploymentPostprocessing = 0;
		};
/* End PBXResourcesBuildPhase section */

/* Begin PBXShellScriptBuildPhase section */
		20FE058A0BEE269B49C9AAA3 /* [CP] Embed Pods Frameworks */ = {
			isa = PBXShellScriptBuildPhase;
			buildActionMask = 2147483647;
			files = (
			);
			inputFileListPaths = (
				"${PODS_ROOT}/Target Support Files/Pods-Planet/Pods-Planet-frameworks-${CONFIGURATION}-input-files.xcfilelist",
			);
			name = "[CP] Embed Pods Frameworks";
			outputFileListPaths = (
				"${PODS_ROOT}/Target Support Files/Pods-Planet/Pods-Planet-frameworks-${CONFIGURATION}-output-files.xcfilelist",
			);
			runOnlyForDeploymentPostprocessing = 0;
			shellPath = /bin/sh;
			shellScript = "\"${PODS_ROOT}/Target Support Files/Pods-Planet/Pods-Planet-frameworks.sh\"\n";
			showEnvVarsInLog = 0;
		};
		4511EB0B1D4329945D704E07 /* [CP] Check Pods Manifest.lock */ = {
			isa = PBXShellScriptBuildPhase;
			buildActionMask = 2147483647;
			files = (
			);
			inputFileListPaths = (
			);
			inputPaths = (
				"${PODS_PODFILE_DIR_PATH}/Podfile.lock",
				"${PODS_ROOT}/Manifest.lock",
			);
			name = "[CP] Check Pods Manifest.lock";
			outputFileListPaths = (
			);
			outputPaths = (
				"$(DERIVED_FILE_DIR)/Pods-PlanetTests-checkManifestLockResult.txt",
			);
			runOnlyForDeploymentPostprocessing = 0;
			shellPath = /bin/sh;
			shellScript = "diff \"${PODS_PODFILE_DIR_PATH}/Podfile.lock\" \"${PODS_ROOT}/Manifest.lock\" > /dev/null\nif [ $? != 0 ] ; then\n    # print error to STDERR\n    echo \"error: The sandbox is not in sync with the Podfile.lock. Run 'pod install' or update your CocoaPods installation.\" >&2\n    exit 1\nfi\n# This output is used by Xcode 'outputs' to avoid re-running this script phase.\necho \"SUCCESS\" > \"${SCRIPT_OUTPUT_FILE_0}\"\n";
			showEnvVarsInLog = 0;
		};
		A5FE3F3DD95B0ACEFA125D2B /* [CP] Check Pods Manifest.lock */ = {
			isa = PBXShellScriptBuildPhase;
			buildActionMask = 2147483647;
			files = (
			);
			inputFileListPaths = (
			);
			inputPaths = (
				"${PODS_PODFILE_DIR_PATH}/Podfile.lock",
				"${PODS_ROOT}/Manifest.lock",
			);
			name = "[CP] Check Pods Manifest.lock";
			outputFileListPaths = (
			);
			outputPaths = (
				"$(DERIVED_FILE_DIR)/Pods-Planet-checkManifestLockResult.txt",
			);
			runOnlyForDeploymentPostprocessing = 0;
			shellPath = /bin/sh;
			shellScript = "diff \"${PODS_PODFILE_DIR_PATH}/Podfile.lock\" \"${PODS_ROOT}/Manifest.lock\" > /dev/null\nif [ $? != 0 ] ; then\n    # print error to STDERR\n    echo \"error: The sandbox is not in sync with the Podfile.lock. Run 'pod install' or update your CocoaPods installation.\" >&2\n    exit 1\nfi\n# This output is used by Xcode 'outputs' to avoid re-running this script phase.\necho \"SUCCESS\" > \"${SCRIPT_OUTPUT_FILE_0}\"\n";
			showEnvVarsInLog = 0;
		};
		B6FAFB6444D61EC3DDAC34AB /* [CP] Check Pods Manifest.lock */ = {
			isa = PBXShellScriptBuildPhase;
			buildActionMask = 2147483647;
			files = (
			);
			inputFileListPaths = (
			);
			inputPaths = (
				"${PODS_PODFILE_DIR_PATH}/Podfile.lock",
				"${PODS_ROOT}/Manifest.lock",
			);
			name = "[CP] Check Pods Manifest.lock";
			outputFileListPaths = (
			);
			outputPaths = (
				"$(DERIVED_FILE_DIR)/Pods-Planet-PlanetUITests-checkManifestLockResult.txt",
			);
			runOnlyForDeploymentPostprocessing = 0;
			shellPath = /bin/sh;
			shellScript = "diff \"${PODS_PODFILE_DIR_PATH}/Podfile.lock\" \"${PODS_ROOT}/Manifest.lock\" > /dev/null\nif [ $? != 0 ] ; then\n    # print error to STDERR\n    echo \"error: The sandbox is not in sync with the Podfile.lock. Run 'pod install' or update your CocoaPods installation.\" >&2\n    exit 1\nfi\n# This output is used by Xcode 'outputs' to avoid re-running this script phase.\necho \"SUCCESS\" > \"${SCRIPT_OUTPUT_FILE_0}\"\n";
			showEnvVarsInLog = 0;
		};
		E8788036A4BA1C3519FDA27E /* [CP] Embed Pods Frameworks */ = {
			isa = PBXShellScriptBuildPhase;
			buildActionMask = 2147483647;
			files = (
			);
			inputFileListPaths = (
				"${PODS_ROOT}/Target Support Files/Pods-Planet-PlanetUITests/Pods-Planet-PlanetUITests-frameworks-${CONFIGURATION}-input-files.xcfilelist",
			);
			name = "[CP] Embed Pods Frameworks";
			outputFileListPaths = (
				"${PODS_ROOT}/Target Support Files/Pods-Planet-PlanetUITests/Pods-Planet-PlanetUITests-frameworks-${CONFIGURATION}-output-files.xcfilelist",
			);
			runOnlyForDeploymentPostprocessing = 0;
			shellPath = /bin/sh;
			shellScript = "\"${PODS_ROOT}/Target Support Files/Pods-Planet-PlanetUITests/Pods-Planet-PlanetUITests-frameworks.sh\"\n";
			showEnvVarsInLog = 0;
		};
/* End PBXShellScriptBuildPhase section */

/* Begin PBXSourcesBuildPhase section */
		4E143FBB28C9361E00B94EBF /* Sources */ = {
			isa = PBXSourcesBuildPhase;
			buildActionMask = 2147483647;
			files = (
				4E143FC728C9361E00B94EBF /* ViewController.swift in Sources */,
				4EAE2B1228CBB14200ED5770 /* TabsTBC.swift in Sources */,
				4EAE2B1728CBB45F00ED5770 /* TabCell.swift in Sources */,
				4EAE2B1928CBB47C00ED5770 /* BookmarkCell.swift in Sources */,
				4E143FC328C9361E00B94EBF /* AppDelegate.swift in Sources */,
				4E9CAB3F28DBA9EC0033DDE1 /* PopulationFunctions.swift in Sources */,
				4EFE6CB028DA307F00D5F0B0 /* Bookmark.swift in Sources */,
				4E143FC528C9361E00B94EBF /* SceneDelegate.swift in Sources */,
				4EFE6CAE28DA2F0A00D5F0B0 /* Tab.swift in Sources */,
				4E143FCD28C9361E00B94EBF /* Planet.xcdatamodeld in Sources */,
				4EAE2B1428CBB16200ED5770 /* BookmarksTBC.swift in Sources */,
			);
			runOnlyForDeploymentPostprocessing = 0;
		};
		4E143FD428C9362000B94EBF /* Sources */ = {
			isa = PBXSourcesBuildPhase;
			buildActionMask = 2147483647;
			files = (
				4E143FDD28C9362100B94EBF /* PlanetTests.swift in Sources */,
			);
			runOnlyForDeploymentPostprocessing = 0;
		};
		4E143FDE28C9362100B94EBF /* Sources */ = {
			isa = PBXSourcesBuildPhase;
			buildActionMask = 2147483647;
			files = (
				4E143FE928C9362100B94EBF /* PlanetUITestsLaunchTests.swift in Sources */,
				4E143FE728C9362100B94EBF /* PlanetUITests.swift in Sources */,
			);
			runOnlyForDeploymentPostprocessing = 0;
		};
/* End PBXSourcesBuildPhase section */

/* Begin PBXTargetDependency section */
		4E143FDA28C9362000B94EBF /* PBXTargetDependency */ = {
			isa = PBXTargetDependency;
			target = 4E143FBE28C9361E00B94EBF /* Planet */;
			targetProxy = 4E143FD928C9362000B94EBF /* PBXContainerItemProxy */;
		};
		4E143FE428C9362100B94EBF /* PBXTargetDependency */ = {
			isa = PBXTargetDependency;
			target = 4E143FBE28C9361E00B94EBF /* Planet */;
			targetProxy = 4E143FE328C9362100B94EBF /* PBXContainerItemProxy */;
		};
/* End PBXTargetDependency section */

/* Begin PBXVariantGroup section */
		4E143FC828C9361E00B94EBF /* Main.storyboard */ = {
			isa = PBXVariantGroup;
			children = (
				4E143FC928C9361E00B94EBF /* Base */,
			);
			name = Main.storyboard;
			sourceTree = "<group>";
		};
		4E143FD028C9362000B94EBF /* LaunchScreen.storyboard */ = {
			isa = PBXVariantGroup;
			children = (
				4E143FD128C9362000B94EBF /* Base */,
			);
			name = LaunchScreen.storyboard;
			sourceTree = "<group>";
		};
/* End PBXVariantGroup section */

/* Begin XCBuildConfiguration section */
		4E143FEA28C9362100B94EBF /* Debug */ = {
			isa = XCBuildConfiguration;
			buildSettings = {
				ALWAYS_SEARCH_USER_PATHS = NO;
				CLANG_ANALYZER_NONNULL = YES;
				CLANG_ANALYZER_NUMBER_OBJECT_CONVERSION = YES_AGGRESSIVE;
				CLANG_CXX_LANGUAGE_STANDARD = "gnu++17";
				CLANG_ENABLE_MODULES = YES;
				CLANG_ENABLE_OBJC_ARC = YES;
				CLANG_ENABLE_OBJC_WEAK = YES;
				CLANG_WARN_BLOCK_CAPTURE_AUTORELEASING = YES;
				CLANG_WARN_BOOL_CONVERSION = YES;
				CLANG_WARN_COMMA = YES;
				CLANG_WARN_CONSTANT_CONVERSION = YES;
				CLANG_WARN_DEPRECATED_OBJC_IMPLEMENTATIONS = YES;
				CLANG_WARN_DIRECT_OBJC_ISA_USAGE = YES_ERROR;
				CLANG_WARN_DOCUMENTATION_COMMENTS = YES;
				CLANG_WARN_EMPTY_BODY = YES;
				CLANG_WARN_ENUM_CONVERSION = YES;
				CLANG_WARN_INFINITE_RECURSION = YES;
				CLANG_WARN_INT_CONVERSION = YES;
				CLANG_WARN_NON_LITERAL_NULL_CONVERSION = YES;
				CLANG_WARN_OBJC_IMPLICIT_RETAIN_SELF = YES;
				CLANG_WARN_OBJC_LITERAL_CONVERSION = YES;
				CLANG_WARN_OBJC_ROOT_CLASS = YES_ERROR;
				CLANG_WARN_QUOTED_INCLUDE_IN_FRAMEWORK_HEADER = YES;
				CLANG_WARN_RANGE_LOOP_ANALYSIS = YES;
				CLANG_WARN_STRICT_PROTOTYPES = YES;
				CLANG_WARN_SUSPICIOUS_MOVE = YES;
				CLANG_WARN_UNGUARDED_AVAILABILITY = YES_AGGRESSIVE;
				CLANG_WARN_UNREACHABLE_CODE = YES;
				CLANG_WARN__DUPLICATE_METHOD_MATCH = YES;
				COPY_PHASE_STRIP = NO;
				DEBUG_INFORMATION_FORMAT = dwarf;
				ENABLE_STRICT_OBJC_MSGSEND = YES;
				ENABLE_TESTABILITY = YES;
				GCC_C_LANGUAGE_STANDARD = gnu11;
				GCC_DYNAMIC_NO_PIC = NO;
				GCC_NO_COMMON_BLOCKS = YES;
				GCC_OPTIMIZATION_LEVEL = 0;
				GCC_PREPROCESSOR_DEFINITIONS = (
					"DEBUG=1",
					"$(inherited)",
				);
				GCC_WARN_64_TO_32_BIT_CONVERSION = YES;
				GCC_WARN_ABOUT_RETURN_TYPE = YES_ERROR;
				GCC_WARN_UNDECLARED_SELECTOR = YES;
				GCC_WARN_UNINITIALIZED_AUTOS = YES_AGGRESSIVE;
				GCC_WARN_UNUSED_FUNCTION = YES;
				GCC_WARN_UNUSED_VARIABLE = YES;
				IPHONEOS_DEPLOYMENT_TARGET = 15.5;
				MTL_ENABLE_DEBUG_INFO = INCLUDE_SOURCE;
				MTL_FAST_MATH = YES;
				ONLY_ACTIVE_ARCH = YES;
				SDKROOT = iphoneos;
				SWIFT_ACTIVE_COMPILATION_CONDITIONS = DEBUG;
				SWIFT_OPTIMIZATION_LEVEL = "-Onone";
			};
			name = Debug;
		};
		4E143FEB28C9362100B94EBF /* Release */ = {
			isa = XCBuildConfiguration;
			buildSettings = {
				ALWAYS_SEARCH_USER_PATHS = NO;
				CLANG_ANALYZER_NONNULL = YES;
				CLANG_ANALYZER_NUMBER_OBJECT_CONVERSION = YES_AGGRESSIVE;
				CLANG_CXX_LANGUAGE_STANDARD = "gnu++17";
				CLANG_ENABLE_MODULES = YES;
				CLANG_ENABLE_OBJC_ARC = YES;
				CLANG_ENABLE_OBJC_WEAK = YES;
				CLANG_WARN_BLOCK_CAPTURE_AUTORELEASING = YES;
				CLANG_WARN_BOOL_CONVERSION = YES;
				CLANG_WARN_COMMA = YES;
				CLANG_WARN_CONSTANT_CONVERSION = YES;
				CLANG_WARN_DEPRECATED_OBJC_IMPLEMENTATIONS = YES;
				CLANG_WARN_DIRECT_OBJC_ISA_USAGE = YES_ERROR;
				CLANG_WARN_DOCUMENTATION_COMMENTS = YES;
				CLANG_WARN_EMPTY_BODY = YES;
				CLANG_WARN_ENUM_CONVERSION = YES;
				CLANG_WARN_INFINITE_RECURSION = YES;
				CLANG_WARN_INT_CONVERSION = YES;
				CLANG_WARN_NON_LITERAL_NULL_CONVERSION = YES;
				CLANG_WARN_OBJC_IMPLICIT_RETAIN_SELF = YES;
				CLANG_WARN_OBJC_LITERAL_CONVERSION = YES;
				CLANG_WARN_OBJC_ROOT_CLASS = YES_ERROR;
				CLANG_WARN_QUOTED_INCLUDE_IN_FRAMEWORK_HEADER = YES;
				CLANG_WARN_RANGE_LOOP_ANALYSIS = YES;
				CLANG_WARN_STRICT_PROTOTYPES = YES;
				CLANG_WARN_SUSPICIOUS_MOVE = YES;
				CLANG_WARN_UNGUARDED_AVAILABILITY = YES_AGGRESSIVE;
				CLANG_WARN_UNREACHABLE_CODE = YES;
				CLANG_WARN__DUPLICATE_METHOD_MATCH = YES;
				COPY_PHASE_STRIP = NO;
				DEBUG_INFORMATION_FORMAT = "dwarf-with-dsym";
				ENABLE_NS_ASSERTIONS = NO;
				ENABLE_STRICT_OBJC_MSGSEND = YES;
				GCC_C_LANGUAGE_STANDARD = gnu11;
				GCC_NO_COMMON_BLOCKS = YES;
				GCC_WARN_64_TO_32_BIT_CONVERSION = YES;
				GCC_WARN_ABOUT_RETURN_TYPE = YES_ERROR;
				GCC_WARN_UNDECLARED_SELECTOR = YES;
				GCC_WARN_UNINITIALIZED_AUTOS = YES_AGGRESSIVE;
				GCC_WARN_UNUSED_FUNCTION = YES;
				GCC_WARN_UNUSED_VARIABLE = YES;
				IPHONEOS_DEPLOYMENT_TARGET = 15.5;
				MTL_ENABLE_DEBUG_INFO = NO;
				MTL_FAST_MATH = YES;
				SDKROOT = iphoneos;
				SWIFT_COMPILATION_MODE = wholemodule;
				SWIFT_OPTIMIZATION_LEVEL = "-O";
				VALIDATE_PRODUCT = YES;
			};
			name = Release;
		};
		4E143FED28C9362100B94EBF /* Debug */ = {
			isa = XCBuildConfiguration;
			baseConfigurationReference = D273DD647818F2BA28C18247 /* Pods-Planet.debug.xcconfig */;
			buildSettings = {
				ASSETCATALOG_COMPILER_APPICON_NAME = AppIcon;
				ASSETCATALOG_COMPILER_GLOBAL_ACCENT_COLOR_NAME = AccentColor;
				CODE_SIGN_STYLE = Automatic;
				CURRENT_PROJECT_VERSION = 1;
				DEVELOPMENT_TEAM = 5PVHGUKPAW;
				GENERATE_INFOPLIST_FILE = YES;
				INFOPLIST_FILE = Planet/Info.plist;
				INFOPLIST_KEY_UIApplicationSupportsIndirectInputEvents = YES;
				INFOPLIST_KEY_UILaunchStoryboardName = LaunchScreen;
				INFOPLIST_KEY_UIMainStoryboardFile = Main;
				INFOPLIST_KEY_UISupportedInterfaceOrientations_iPad = "UIInterfaceOrientationPortrait UIInterfaceOrientationPortraitUpsideDown UIInterfaceOrientationLandscapeLeft UIInterfaceOrientationLandscapeRight";
				INFOPLIST_KEY_UISupportedInterfaceOrientations_iPhone = "UIInterfaceOrientationPortrait UIInterfaceOrientationLandscapeLeft UIInterfaceOrientationLandscapeRight";
				LD_RUNPATH_SEARCH_PATHS = (
					"$(inherited)",
					"@executable_path/Frameworks",
				);
				MARKETING_VERSION = 1.0;
				PRODUCT_BUNDLE_IDENTIFIER = CodingKovs.Planet;
				PRODUCT_NAME = "$(TARGET_NAME)";
				SWIFT_EMIT_LOC_STRINGS = YES;
				SWIFT_VERSION = 5.0;
				TARGETED_DEVICE_FAMILY = "1,2";
			};
			name = Debug;
		};
		4E143FEE28C9362100B94EBF /* Release */ = {
			isa = XCBuildConfiguration;
			baseConfigurationReference = 591C09E5BB625BFBB98CF242 /* Pods-Planet.release.xcconfig */;
			buildSettings = {
				ASSETCATALOG_COMPILER_APPICON_NAME = AppIcon;
				ASSETCATALOG_COMPILER_GLOBAL_ACCENT_COLOR_NAME = AccentColor;
				CODE_SIGN_STYLE = Automatic;
				CURRENT_PROJECT_VERSION = 1;
				DEVELOPMENT_TEAM = 5PVHGUKPAW;
				GENERATE_INFOPLIST_FILE = YES;
				INFOPLIST_FILE = Planet/Info.plist;
				INFOPLIST_KEY_UIApplicationSupportsIndirectInputEvents = YES;
				INFOPLIST_KEY_UILaunchStoryboardName = LaunchScreen;
				INFOPLIST_KEY_UIMainStoryboardFile = Main;
				INFOPLIST_KEY_UISupportedInterfaceOrientations_iPad = "UIInterfaceOrientationPortrait UIInterfaceOrientationPortraitUpsideDown UIInterfaceOrientationLandscapeLeft UIInterfaceOrientationLandscapeRight";
				INFOPLIST_KEY_UISupportedInterfaceOrientations_iPhone = "UIInterfaceOrientationPortrait UIInterfaceOrientationLandscapeLeft UIInterfaceOrientationLandscapeRight";
				LD_RUNPATH_SEARCH_PATHS = (
					"$(inherited)",
					"@executable_path/Frameworks",
				);
				MARKETING_VERSION = 1.0;
				PRODUCT_BUNDLE_IDENTIFIER = CodingKovs.Planet;
				PRODUCT_NAME = "$(TARGET_NAME)";
				SWIFT_EMIT_LOC_STRINGS = YES;
				SWIFT_VERSION = 5.0;
				TARGETED_DEVICE_FAMILY = "1,2";
			};
			name = Release;
		};
		4E143FF028C9362100B94EBF /* Debug */ = {
			isa = XCBuildConfiguration;
			baseConfigurationReference = 1470EE18E68D540AF0F71712 /* Pods-PlanetTests.debug.xcconfig */;
			buildSettings = {
				ALWAYS_EMBED_SWIFT_STANDARD_LIBRARIES = YES;
				BUNDLE_LOADER = "$(TEST_HOST)";
				CODE_SIGN_STYLE = Automatic;
				CURRENT_PROJECT_VERSION = 1;
				DEVELOPMENT_TEAM = 5PVHGUKPAW;
				GENERATE_INFOPLIST_FILE = YES;
				IPHONEOS_DEPLOYMENT_TARGET = 15.5;
				MARKETING_VERSION = 1.0;
				PRODUCT_BUNDLE_IDENTIFIER = CodingKovs.PlanetTests;
				PRODUCT_NAME = "$(TARGET_NAME)";
				SWIFT_EMIT_LOC_STRINGS = NO;
				SWIFT_VERSION = 5.0;
				TARGETED_DEVICE_FAMILY = "1,2";
				TEST_HOST = "$(BUILT_PRODUCTS_DIR)/Planet.app/Planet";
			};
			name = Debug;
		};
		4E143FF128C9362100B94EBF /* Release */ = {
			isa = XCBuildConfiguration;
			baseConfigurationReference = DE8A9D37F37669A0E638BA50 /* Pods-PlanetTests.release.xcconfig */;
			buildSettings = {
				ALWAYS_EMBED_SWIFT_STANDARD_LIBRARIES = YES;
				BUNDLE_LOADER = "$(TEST_HOST)";
				CODE_SIGN_STYLE = Automatic;
				CURRENT_PROJECT_VERSION = 1;
				DEVELOPMENT_TEAM = 5PVHGUKPAW;
				GENERATE_INFOPLIST_FILE = YES;
				IPHONEOS_DEPLOYMENT_TARGET = 15.5;
				MARKETING_VERSION = 1.0;
				PRODUCT_BUNDLE_IDENTIFIER = CodingKovs.PlanetTests;
				PRODUCT_NAME = "$(TARGET_NAME)";
				SWIFT_EMIT_LOC_STRINGS = NO;
				SWIFT_VERSION = 5.0;
				TARGETED_DEVICE_FAMILY = "1,2";
				TEST_HOST = "$(BUILT_PRODUCTS_DIR)/Planet.app/Planet";
			};
			name = Release;
		};
		4E143FF328C9362100B94EBF /* Debug */ = {
			isa = XCBuildConfiguration;
			baseConfigurationReference = EB699A32237BA43EFF2C7742 /* Pods-Planet-PlanetUITests.debug.xcconfig */;
			buildSettings = {
				ALWAYS_EMBED_SWIFT_STANDARD_LIBRARIES = YES;
				CODE_SIGN_STYLE = Automatic;
				CURRENT_PROJECT_VERSION = 1;
				DEVELOPMENT_TEAM = 5PVHGUKPAW;
				GENERATE_INFOPLIST_FILE = YES;
				MARKETING_VERSION = 1.0;
				PRODUCT_BUNDLE_IDENTIFIER = CodingKovs.PlanetUITests;
				PRODUCT_NAME = "$(TARGET_NAME)";
				SWIFT_EMIT_LOC_STRINGS = NO;
				SWIFT_VERSION = 5.0;
				TARGETED_DEVICE_FAMILY = "1,2";
				TEST_TARGET_NAME = Planet;
			};
			name = Debug;
		};
		4E143FF428C9362100B94EBF /* Release */ = {
			isa = XCBuildConfiguration;
			baseConfigurationReference = EFA396BCCA3E65E89EFB4856 /* Pods-Planet-PlanetUITests.release.xcconfig */;
			buildSettings = {
				ALWAYS_EMBED_SWIFT_STANDARD_LIBRARIES = YES;
				CODE_SIGN_STYLE = Automatic;
				CURRENT_PROJECT_VERSION = 1;
				DEVELOPMENT_TEAM = 5PVHGUKPAW;
				GENERATE_INFOPLIST_FILE = YES;
				MARKETING_VERSION = 1.0;
				PRODUCT_BUNDLE_IDENTIFIER = CodingKovs.PlanetUITests;
				PRODUCT_NAME = "$(TARGET_NAME)";
				SWIFT_EMIT_LOC_STRINGS = NO;
				SWIFT_VERSION = 5.0;
				TARGETED_DEVICE_FAMILY = "1,2";
				TEST_TARGET_NAME = Planet;
			};
			name = Release;
		};
/* End XCBuildConfiguration section */

/* Begin XCConfigurationList section */
		4E143FBA28C9361E00B94EBF /* Build configuration list for PBXProject "Planet" */ = {
			isa = XCConfigurationList;
			buildConfigurations = (
				4E143FEA28C9362100B94EBF /* Debug */,
				4E143FEB28C9362100B94EBF /* Release */,
			);
			defaultConfigurationIsVisible = 0;
			defaultConfigurationName = Release;
		};
		4E143FEC28C9362100B94EBF /* Build configuration list for PBXNativeTarget "Planet" */ = {
			isa = XCConfigurationList;
			buildConfigurations = (
				4E143FED28C9362100B94EBF /* Debug */,
				4E143FEE28C9362100B94EBF /* Release */,
			);
			defaultConfigurationIsVisible = 0;
			defaultConfigurationName = Release;
		};
		4E143FEF28C9362100B94EBF /* Build configuration list for PBXNativeTarget "PlanetTests" */ = {
			isa = XCConfigurationList;
			buildConfigurations = (
				4E143FF028C9362100B94EBF /* Debug */,
				4E143FF128C9362100B94EBF /* Release */,
			);
			defaultConfigurationIsVisible = 0;
			defaultConfigurationName = Release;
		};
		4E143FF228C9362100B94EBF /* Build configuration list for PBXNativeTarget "PlanetUITests" */ = {
			isa = XCConfigurationList;
			buildConfigurations = (
				4E143FF328C9362100B94EBF /* Debug */,
				4E143FF428C9362100B94EBF /* Release */,
			);
			defaultConfigurationIsVisible = 0;
			defaultConfigurationName = Release;
		};
/* End XCConfigurationList section */

/* Begin XCVersionGroup section */
		4E143FCB28C9361E00B94EBF /* Planet.xcdatamodeld */ = {
			isa = XCVersionGroup;
			children = (
				4E143FCC28C9361E00B94EBF /* Planet.xcdatamodel */,
			);
			currentVersion = 4E143FCC28C9361E00B94EBF /* Planet.xcdatamodel */;
			path = Planet.xcdatamodeld;
			sourceTree = "<group>";
			versionGroupType = wrapper.xcdatamodel;
		};
/* End XCVersionGroup section */
	};
	rootObject = 4E143FB728C9361E00B94EBF /* Project object */;
}
